
Microsoft Visual Studio Solution File, Format Version 12.00
# Visual Studio Version 16
VisualStudioVersion = 16.0.31112.23
MinimumVisualStudioVersion = 10.0.40219.1
Project("{FAE04EC0-301F-11D3-BF4B-00C04F79EFBC}") = "TrådprogrammeringOpgave4", "TrådprogrammeringOpgave4\TrådprogrammeringOpgave4.csproj", "{0EDD41AF-E57C-4088-B7DA-761435A6DB82}"
EndProject
Global
	GlobalSection(SolutionConfigurationPlatforms) = preSolution
		Debug|Any CPU = Debug|Any CPU
		Release|Any CPU = Release|Any CPU
	EndGlobalSection
	GlobalSection(ProjectConfigurationPlatforms) = postSolution
		{0EDD41AF-E57C-4088-B7DA-761435A6DB82}.Debug|Any CPU.ActiveCfg = Debug|Any CPU
		{0EDD41AF-E57C-4088-B7DA-761435A6DB82}.Debug|Any CPU.Build.0 = Debug|Any CPU
		{0EDD41AF-E57C-4088-B7DA-761435A6DB82}.Release|Any CPU.ActiveCfg = Release|Any CPU
		{0EDD41AF-E57C-4088-B7DA-761435A6DB82}.Release|Any CPU.Build.0 = Release|Any CPU
	EndGlobalSection
	GlobalSection(SolutionProperties) = preSolution
		HideSolutionNode = FALSE
	EndGlobalSection
	GlobalSection(ExtensibilityGlobals) = postSolution
		SolutionGuid = {AB269A67-42F6-4D07-935E-7A751B5AD1AB}
	EndGlobalSection
EndGlobal
