
Microsoft Visual Studio Solution File, Format Version 12.00
# Visual Studio Version 16
VisualStudioVersion = 16.0.31112.23
MinimumVisualStudioVersion = 10.0.40219.1
Project("{FAE04EC0-301F-11D3-BF4B-00C04F79EFBC}") = "TrådpgorammeringOpgave0", "TrådpgorammeringOpgave0\TrådpgorammeringOpgave0.csproj", "{84920FB7-2137-4230-B15A-0EF6D5E7CC68}"
EndProject
Global
	GlobalSection(SolutionConfigurationPlatforms) = preSolution
		Debug|Any CPU = Debug|Any CPU
		Release|Any CPU = Release|Any CPU
	EndGlobalSection
	GlobalSection(ProjectConfigurationPlatforms) = postSolution
		{84920FB7-2137-4230-B15A-0EF6D5E7CC68}.Debug|Any CPU.ActiveCfg = Debug|Any CPU
		{84920FB7-2137-4230-B15A-0EF6D5E7CC68}.Debug|Any CPU.Build.0 = Debug|Any CPU
		{84920FB7-2137-4230-B15A-0EF6D5E7CC68}.Release|Any CPU.ActiveCfg = Release|Any CPU
		{84920FB7-2137-4230-B15A-0EF6D5E7CC68}.Release|Any CPU.Build.0 = Release|Any CPU
	EndGlobalSection
	GlobalSection(SolutionProperties) = preSolution
		HideSolutionNode = FALSE
	EndGlobalSection
	GlobalSection(ExtensibilityGlobals) = postSolution
		SolutionGuid = {236893BB-B565-4614-8ED5-E95D4A2A2E91}
	EndGlobalSection
EndGlobal
